// !$*UTF8*$!
{
	archiveVersion = 1;
	classes = {
	};
	objectVersion = 55;
	objects = {

/* Begin PBXBuildFile section */
		135FB2D536319EF4C00548AE /* Pods_Poketest.framework in Frameworks */ = {isa = PBXBuildFile; fileRef = 19D13CB1F86AF6478A8A9E04 /* Pods_Poketest.framework */; };
		147CBA9589E54B4FD970CBF9 /* Pods_PoketestTests.framework in Frameworks */ = {isa = PBXBuildFile; fileRef = 6C716EFA3E106B70F76D039E /* Pods_PoketestTests.framework */; };
		B27C87550C20A117BC35511B /* Pods_Poketest_PoketestUITests.framework in Frameworks */ = {isa = PBXBuildFile; fileRef = 72C31C5D0ED2CEC2B1D21598 /* Pods_Poketest_PoketestUITests.framework */; };
		CD9176FC28AF6265004349B1 /* PokemonListViewModelTests.swift in Sources */ = {isa = PBXBuildFile; fileRef = CD9176FB28AF6265004349B1 /* PokemonListViewModelTests.swift */; };
		CD91770128AF93D2004349B1 /* MockPokemonManager.swift in Sources */ = {isa = PBXBuildFile; fileRef = CD91770028AF93D2004349B1 /* MockPokemonManager.swift */; };
		CD91770328AF9A7E004349B1 /* MockPokemonListViewModel.swift in Sources */ = {isa = PBXBuildFile; fileRef = CD91770228AF9A7E004349B1 /* MockPokemonListViewModel.swift */; };
		CD91770528AFC368004349B1 /* pokemon6.json in Resources */ = {isa = PBXBuildFile; fileRef = CD91770428AFC368004349B1 /* pokemon6.json */; };
		CDDECFBD28A6CEE600756F40 /* AppDelegate.swift in Sources */ = {isa = PBXBuildFile; fileRef = CDDECFBC28A6CEE600756F40 /* AppDelegate.swift */; };
		CDDECFBF28A6CEE600756F40 /* SceneDelegate.swift in Sources */ = {isa = PBXBuildFile; fileRef = CDDECFBE28A6CEE600756F40 /* SceneDelegate.swift */; };
		CDDECFC428A6CEE600756F40 /* Main.storyboard in Resources */ = {isa = PBXBuildFile; fileRef = CDDECFC228A6CEE600756F40 /* Main.storyboard */; };
		CDDECFC628A6CEE700756F40 /* Assets.xcassets in Resources */ = {isa = PBXBuildFile; fileRef = CDDECFC528A6CEE700756F40 /* Assets.xcassets */; };
		CDDECFC928A6CEE700756F40 /* LaunchScreen.storyboard in Resources */ = {isa = PBXBuildFile; fileRef = CDDECFC728A6CEE700756F40 /* LaunchScreen.storyboard */; };
		CDDECFD428A6CEE700756F40 /* PokemonManagerTests.swift in Sources */ = {isa = PBXBuildFile; fileRef = CDDECFD328A6CEE700756F40 /* PokemonManagerTests.swift */; };
		CDDECFDE28A6CEE700756F40 /* PoketestUITests.swift in Sources */ = {isa = PBXBuildFile; fileRef = CDDECFDD28A6CEE700756F40 /* PoketestUITests.swift */; };
		CDDECFE028A6CEE700756F40 /* PoketestUITestsLaunchTests.swift in Sources */ = {isa = PBXBuildFile; fileRef = CDDECFDF28A6CEE700756F40 /* PoketestUITestsLaunchTests.swift */; };
		CDDECFF128A6DC3F00756F40 /* PokemonDetailsViewController.swift in Sources */ = {isa = PBXBuildFile; fileRef = CDDECFF028A6DC3E00756F40 /* PokemonDetailsViewController.swift */; };
		CDDECFF528A7291400756F40 /* Pokemon.swift in Sources */ = {isa = PBXBuildFile; fileRef = CDDECFF428A7291400756F40 /* Pokemon.swift */; };
		CDDECFF828A72AEA00756F40 /* PokemonManager.swift in Sources */ = {isa = PBXBuildFile; fileRef = CDDECFF728A72AEA00756F40 /* PokemonManager.swift */; };
		CDDECFFB28A91AB000756F40 /* PokemonList.swift in Sources */ = {isa = PBXBuildFile; fileRef = CDDECFFA28A91AB000756F40 /* PokemonList.swift */; };
		CDDECFFF28A965D700756F40 /* PokemonListTableViewController.swift in Sources */ = {isa = PBXBuildFile; fileRef = CDDECFFE28A965D700756F40 /* PokemonListTableViewController.swift */; };
		CDDED00C28A9755600756F40 /* PokemonListTableViewCell.swift in Sources */ = {isa = PBXBuildFile; fileRef = CDDED00A28A9755600756F40 /* PokemonListTableViewCell.swift */; };
		CDDED00D28A9755600756F40 /* PokemonListTableViewCell.xib in Resources */ = {isa = PBXBuildFile; fileRef = CDDED00B28A9755600756F40 /* PokemonListTableViewCell.xib */; };
		CDDED00F28A97C4B00756F40 /* Constants.swift in Sources */ = {isa = PBXBuildFile; fileRef = CDDED00E28A97C4B00756F40 /* Constants.swift */; };
		CDDED01228AA68FE00756F40 /* PokemonListViewModel.swift in Sources */ = {isa = PBXBuildFile; fileRef = CDDED01128AA68FE00756F40 /* PokemonListViewModel.swift */; };
		CDDED01628AA9B4B00756F40 /* Extensions.swift in Sources */ = {isa = PBXBuildFile; fileRef = CDDED01528AA9B4B00756F40 /* Extensions.swift */; };
/* End PBXBuildFile section */

/* Begin PBXContainerItemProxy section */
		CDDECFD028A6CEE700756F40 /* PBXContainerItemProxy */ = {
			isa = PBXContainerItemProxy;
			containerPortal = CDDECFB128A6CEE600756F40 /* Project object */;
			proxyType = 1;
			remoteGlobalIDString = CDDECFB828A6CEE600756F40;
			remoteInfo = Poketest;
		};
		CDDECFDA28A6CEE700756F40 /* PBXContainerItemProxy */ = {
			isa = PBXContainerItemProxy;
			containerPortal = CDDECFB128A6CEE600756F40 /* Project object */;
			proxyType = 1;
			remoteGlobalIDString = CDDECFB828A6CEE600756F40;
			remoteInfo = Poketest;
		};
/* End PBXContainerItemProxy section */

/* Begin PBXFileReference section */
		178E8F2E6F47BD6818D0D89C /* Pods-PoketestTests.release.xcconfig */ = {isa = PBXFileReference; includeInIndex = 1; lastKnownFileType = text.xcconfig; name = "Pods-PoketestTests.release.xcconfig"; path = "Target Support Files/Pods-PoketestTests/Pods-PoketestTests.release.xcconfig"; sourceTree = "<group>"; };
		19D13CB1F86AF6478A8A9E04 /* Pods_Poketest.framework */ = {isa = PBXFileReference; explicitFileType = wrapper.framework; includeInIndex = 0; path = Pods_Poketest.framework; sourceTree = BUILT_PRODUCTS_DIR; };
		206BD826B6D0218312E5DD75 /* Pods-Poketest.debug.xcconfig */ = {isa = PBXFileReference; includeInIndex = 1; lastKnownFileType = text.xcconfig; name = "Pods-Poketest.debug.xcconfig"; path = "Target Support Files/Pods-Poketest/Pods-Poketest.debug.xcconfig"; sourceTree = "<group>"; };
		2C39BE028147F02E1282CE05 /* Pods-Poketest-PoketestUITests.debug.xcconfig */ = {isa = PBXFileReference; includeInIndex = 1; lastKnownFileType = text.xcconfig; name = "Pods-Poketest-PoketestUITests.debug.xcconfig"; path = "Target Support Files/Pods-Poketest-PoketestUITests/Pods-Poketest-PoketestUITests.debug.xcconfig"; sourceTree = "<group>"; };
		47D553EC0BE85CB858CBFABF /* Pods-Poketest.release.xcconfig */ = {isa = PBXFileReference; includeInIndex = 1; lastKnownFileType = text.xcconfig; name = "Pods-Poketest.release.xcconfig"; path = "Target Support Files/Pods-Poketest/Pods-Poketest.release.xcconfig"; sourceTree = "<group>"; };
		6C716EFA3E106B70F76D039E /* Pods_PoketestTests.framework */ = {isa = PBXFileReference; explicitFileType = wrapper.framework; includeInIndex = 0; path = Pods_PoketestTests.framework; sourceTree = BUILT_PRODUCTS_DIR; };
		72C31C5D0ED2CEC2B1D21598 /* Pods_Poketest_PoketestUITests.framework */ = {isa = PBXFileReference; explicitFileType = wrapper.framework; includeInIndex = 0; path = Pods_Poketest_PoketestUITests.framework; sourceTree = BUILT_PRODUCTS_DIR; };
		77E7ED67105031B6ED5AB9C9 /* Pods-PoketestTests.debug.xcconfig */ = {isa = PBXFileReference; includeInIndex = 1; lastKnownFileType = text.xcconfig; name = "Pods-PoketestTests.debug.xcconfig"; path = "Target Support Files/Pods-PoketestTests/Pods-PoketestTests.debug.xcconfig"; sourceTree = "<group>"; };
		CD9176FB28AF6265004349B1 /* PokemonListViewModelTests.swift */ = {isa = PBXFileReference; lastKnownFileType = sourcecode.swift; path = PokemonListViewModelTests.swift; sourceTree = "<group>"; };
		CD91770028AF93D2004349B1 /* MockPokemonManager.swift */ = {isa = PBXFileReference; lastKnownFileType = sourcecode.swift; path = MockPokemonManager.swift; sourceTree = "<group>"; };
		CD91770228AF9A7E004349B1 /* MockPokemonListViewModel.swift */ = {isa = PBXFileReference; lastKnownFileType = sourcecode.swift; path = MockPokemonListViewModel.swift; sourceTree = "<group>"; };
		CD91770428AFC368004349B1 /* pokemon6.json */ = {isa = PBXFileReference; lastKnownFileType = text.json; path = pokemon6.json; sourceTree = "<group>"; };
		CDDECFB928A6CEE600756F40 /* Poketest.app */ = {isa = PBXFileReference; explicitFileType = wrapper.application; includeInIndex = 0; path = Poketest.app; sourceTree = BUILT_PRODUCTS_DIR; };
		CDDECFBC28A6CEE600756F40 /* AppDelegate.swift */ = {isa = PBXFileReference; lastKnownFileType = sourcecode.swift; path = AppDelegate.swift; sourceTree = "<group>"; };
		CDDECFBE28A6CEE600756F40 /* SceneDelegate.swift */ = {isa = PBXFileReference; lastKnownFileType = sourcecode.swift; path = SceneDelegate.swift; sourceTree = "<group>"; };
		CDDECFC328A6CEE600756F40 /* Base */ = {isa = PBXFileReference; lastKnownFileType = file.storyboard; name = Base; path = Base.lproj/Main.storyboard; sourceTree = "<group>"; };
		CDDECFC528A6CEE700756F40 /* Assets.xcassets */ = {isa = PBXFileReference; lastKnownFileType = folder.assetcatalog; path = Assets.xcassets; sourceTree = "<group>"; };
		CDDECFC828A6CEE700756F40 /* Base */ = {isa = PBXFileReference; lastKnownFileType = file.storyboard; name = Base; path = Base.lproj/LaunchScreen.storyboard; sourceTree = "<group>"; };
		CDDECFCA28A6CEE700756F40 /* Info.plist */ = {isa = PBXFileReference; lastKnownFileType = text.plist.xml; path = Info.plist; sourceTree = "<group>"; };
		CDDECFCF28A6CEE700756F40 /* PoketestTests.xctest */ = {isa = PBXFileReference; explicitFileType = wrapper.cfbundle; includeInIndex = 0; path = PoketestTests.xctest; sourceTree = BUILT_PRODUCTS_DIR; };
		CDDECFD328A6CEE700756F40 /* PokemonManagerTests.swift */ = {isa = PBXFileReference; lastKnownFileType = sourcecode.swift; path = PokemonManagerTests.swift; sourceTree = "<group>"; };
		CDDECFD928A6CEE700756F40 /* PoketestUITests.xctest */ = {isa = PBXFileReference; explicitFileType = wrapper.cfbundle; includeInIndex = 0; path = PoketestUITests.xctest; sourceTree = BUILT_PRODUCTS_DIR; };
		CDDECFDD28A6CEE700756F40 /* PoketestUITests.swift */ = {isa = PBXFileReference; lastKnownFileType = sourcecode.swift; path = PoketestUITests.swift; sourceTree = "<group>"; };
		CDDECFDF28A6CEE700756F40 /* PoketestUITestsLaunchTests.swift */ = {isa = PBXFileReference; lastKnownFileType = sourcecode.swift; path = PoketestUITestsLaunchTests.swift; sourceTree = "<group>"; };
		CDDECFF028A6DC3E00756F40 /* PokemonDetailsViewController.swift */ = {isa = PBXFileReference; lastKnownFileType = sourcecode.swift; path = PokemonDetailsViewController.swift; sourceTree = "<group>"; };
		CDDECFF428A7291400756F40 /* Pokemon.swift */ = {isa = PBXFileReference; lastKnownFileType = sourcecode.swift; path = Pokemon.swift; sourceTree = "<group>"; };
		CDDECFF728A72AEA00756F40 /* PokemonManager.swift */ = {isa = PBXFileReference; lastKnownFileType = sourcecode.swift; path = PokemonManager.swift; sourceTree = "<group>"; };
		CDDECFFA28A91AB000756F40 /* PokemonList.swift */ = {isa = PBXFileReference; lastKnownFileType = sourcecode.swift; path = PokemonList.swift; sourceTree = "<group>"; };
		CDDECFFE28A965D700756F40 /* PokemonListTableViewController.swift */ = {isa = PBXFileReference; lastKnownFileType = sourcecode.swift; path = PokemonListTableViewController.swift; sourceTree = "<group>"; };
		CDDED00A28A9755600756F40 /* PokemonListTableViewCell.swift */ = {isa = PBXFileReference; lastKnownFileType = sourcecode.swift; path = PokemonListTableViewCell.swift; sourceTree = "<group>"; };
		CDDED00B28A9755600756F40 /* PokemonListTableViewCell.xib */ = {isa = PBXFileReference; lastKnownFileType = file.xib; path = PokemonListTableViewCell.xib; sourceTree = "<group>"; };
		CDDED00E28A97C4B00756F40 /* Constants.swift */ = {isa = PBXFileReference; lastKnownFileType = sourcecode.swift; path = Constants.swift; sourceTree = "<group>"; };
		CDDED01128AA68FE00756F40 /* PokemonListViewModel.swift */ = {isa = PBXFileReference; lastKnownFileType = sourcecode.swift; path = PokemonListViewModel.swift; sourceTree = "<group>"; };
		CDDED01528AA9B4B00756F40 /* Extensions.swift */ = {isa = PBXFileReference; lastKnownFileType = sourcecode.swift; path = Extensions.swift; sourceTree = "<group>"; };
		CEFC6D47959DBED8D9D77BE9 /* Pods-Poketest-PoketestUITests.release.xcconfig */ = {isa = PBXFileReference; includeInIndex = 1; lastKnownFileType = text.xcconfig; name = "Pods-Poketest-PoketestUITests.release.xcconfig"; path = "Target Support Files/Pods-Poketest-PoketestUITests/Pods-Poketest-PoketestUITests.release.xcconfig"; sourceTree = "<group>"; };
/* End PBXFileReference section */

/* Begin PBXFrameworksBuildPhase section */
		CDDECFB628A6CEE600756F40 /* Frameworks */ = {
			isa = PBXFrameworksBuildPhase;
			buildActionMask = 2147483647;
			files = (
				135FB2D536319EF4C00548AE /* Pods_Poketest.framework in Frameworks */,
			);
			runOnlyForDeploymentPostprocessing = 0;
		};
		CDDECFCC28A6CEE700756F40 /* Frameworks */ = {
			isa = PBXFrameworksBuildPhase;
			buildActionMask = 2147483647;
			files = (
				147CBA9589E54B4FD970CBF9 /* Pods_PoketestTests.framework in Frameworks */,
			);
			runOnlyForDeploymentPostprocessing = 0;
		};
		CDDECFD628A6CEE700756F40 /* Frameworks */ = {
			isa = PBXFrameworksBuildPhase;
			buildActionMask = 2147483647;
			files = (
				B27C87550C20A117BC35511B /* Pods_Poketest_PoketestUITests.framework in Frameworks */,
			);
			runOnlyForDeploymentPostprocessing = 0;
		};
/* End PBXFrameworksBuildPhase section */

/* Begin PBXGroup section */
		37EEC195709BE16792FCEF57 /* Frameworks */ = {
			isa = PBXGroup;
			children = (
				19D13CB1F86AF6478A8A9E04 /* Pods_Poketest.framework */,
				72C31C5D0ED2CEC2B1D21598 /* Pods_Poketest_PoketestUITests.framework */,
				6C716EFA3E106B70F76D039E /* Pods_PoketestTests.framework */,
			);
			name = Frameworks;
			sourceTree = "<group>";
		};
		CD9176FD28AF8F40004349B1 /* Mocks */ = {
			isa = PBXGroup;
			children = (
				CD91770028AF93D2004349B1 /* MockPokemonManager.swift */,
				CD91770228AF9A7E004349B1 /* MockPokemonListViewModel.swift */,
			);
			path = Mocks;
			sourceTree = "<group>";
		};
		CDDECFB028A6CEE600756F40 = {
			isa = PBXGroup;
			children = (
				CDDECFBB28A6CEE600756F40 /* Poketest */,
				CDDECFD228A6CEE700756F40 /* PoketestTests */,
				CDDECFDC28A6CEE700756F40 /* PoketestUITests */,
				CDDECFBA28A6CEE600756F40 /* Products */,
				E3096F1EE7FDE3EDD863CD22 /* Pods */,
				37EEC195709BE16792FCEF57 /* Frameworks */,
			);
			sourceTree = "<group>";
		};
		CDDECFBA28A6CEE600756F40 /* Products */ = {
			isa = PBXGroup;
			children = (
				CDDECFB928A6CEE600756F40 /* Poketest.app */,
				CDDECFCF28A6CEE700756F40 /* PoketestTests.xctest */,
				CDDECFD928A6CEE700756F40 /* PoketestUITests.xctest */,
			);
			name = Products;
			sourceTree = "<group>";
		};
		CDDECFBB28A6CEE600756F40 /* Poketest */ = {
			isa = PBXGroup;
			children = (
				CDDED01328AA9B1D00756F40 /* Utils */,
				CDDED01028AA68DF00756F40 /* ViewModels */,
				CDDECFEF28A6DBDE00756F40 /* Controllers */,
				CDDECFEC28A6D9C300756F40 /* Models */,
				CDDECFED28A6D9DA00756F40 /* Views */,
				CDDECFBC28A6CEE600756F40 /* AppDelegate.swift */,
				CDDECFBE28A6CEE600756F40 /* SceneDelegate.swift */,
				CDDECFC528A6CEE700756F40 /* Assets.xcassets */,
				CDDECFC728A6CEE700756F40 /* LaunchScreen.storyboard */,
				CDDECFCA28A6CEE700756F40 /* Info.plist */,
			);
			path = Poketest;
			sourceTree = "<group>";
		};
		CDDECFD228A6CEE700756F40 /* PoketestTests */ = {
			isa = PBXGroup;
			children = (
				CD9176FD28AF8F40004349B1 /* Mocks */,
				CDDECFD328A6CEE700756F40 /* PokemonManagerTests.swift */,
				CD9176FB28AF6265004349B1 /* PokemonListViewModelTests.swift */,
				CD91770428AFC368004349B1 /* pokemon6.json */,
			);
			path = PoketestTests;
			sourceTree = "<group>";
		};
		CDDECFDC28A6CEE700756F40 /* PoketestUITests */ = {
			isa = PBXGroup;
			children = (
				CDDECFDD28A6CEE700756F40 /* PoketestUITests.swift */,
				CDDECFDF28A6CEE700756F40 /* PoketestUITestsLaunchTests.swift */,
			);
			path = PoketestUITests;
			sourceTree = "<group>";
		};
		CDDECFEC28A6D9C300756F40 /* Models */ = {
			isa = PBXGroup;
			children = (
				CDDECFF928A91A9400756F40 /* Models */,
				CDDECFF628A72AC700756F40 /* Networking */,
			);
			path = Models;
			sourceTree = "<group>";
		};
		CDDECFED28A6D9DA00756F40 /* Views */ = {
			isa = PBXGroup;
			children = (
				CDDECFC228A6CEE600756F40 /* Main.storyboard */,
				CDDED00A28A9755600756F40 /* PokemonListTableViewCell.swift */,
				CDDED00B28A9755600756F40 /* PokemonListTableViewCell.xib */,
			);
			path = Views;
			sourceTree = "<group>";
		};
		CDDECFEF28A6DBDE00756F40 /* Controllers */ = {
			isa = PBXGroup;
			children = (
				CDDECFF028A6DC3E00756F40 /* PokemonDetailsViewController.swift */,
				CDDECFFE28A965D700756F40 /* PokemonListTableViewController.swift */,
			);
			path = Controllers;
			sourceTree = "<group>";
		};
		CDDECFF628A72AC700756F40 /* Networking */ = {
			isa = PBXGroup;
			children = (
				CDDECFF728A72AEA00756F40 /* PokemonManager.swift */,
			);
			path = Networking;
			sourceTree = "<group>";
		};
		CDDECFF928A91A9400756F40 /* Models */ = {
			isa = PBXGroup;
			children = (
				CDDECFF428A7291400756F40 /* Pokemon.swift */,
				CDDECFFA28A91AB000756F40 /* PokemonList.swift */,
			);
			path = Models;
			sourceTree = "<group>";
		};
		CDDED01028AA68DF00756F40 /* ViewModels */ = {
			isa = PBXGroup;
			children = (
				CDDED01128AA68FE00756F40 /* PokemonListViewModel.swift */,
			);
			path = ViewModels;
			sourceTree = "<group>";
		};
		CDDED01328AA9B1D00756F40 /* Utils */ = {
			isa = PBXGroup;
			children = (
				CDDED00E28A97C4B00756F40 /* Constants.swift */,
				CDDED01528AA9B4B00756F40 /* Extensions.swift */,
			);
			path = Utils;
			sourceTree = "<group>";
		};
		E3096F1EE7FDE3EDD863CD22 /* Pods */ = {
			isa = PBXGroup;
			children = (
				206BD826B6D0218312E5DD75 /* Pods-Poketest.debug.xcconfig */,
				47D553EC0BE85CB858CBFABF /* Pods-Poketest.release.xcconfig */,
				2C39BE028147F02E1282CE05 /* Pods-Poketest-PoketestUITests.debug.xcconfig */,
				CEFC6D47959DBED8D9D77BE9 /* Pods-Poketest-PoketestUITests.release.xcconfig */,
				77E7ED67105031B6ED5AB9C9 /* Pods-PoketestTests.debug.xcconfig */,
				178E8F2E6F47BD6818D0D89C /* Pods-PoketestTests.release.xcconfig */,
			);
			path = Pods;
			sourceTree = "<group>";
		};
/* End PBXGroup section */

/* Begin PBXNativeTarget section */
		CDDECFB828A6CEE600756F40 /* Poketest */ = {
			isa = PBXNativeTarget;
			buildConfigurationList = CDDECFE328A6CEE700756F40 /* Build configuration list for PBXNativeTarget "Poketest" */;
			buildPhases = (
				D362F8124162DF4C774D5732 /* [CP] Check Pods Manifest.lock */,
				CDDECFB528A6CEE600756F40 /* Sources */,
				CDDECFB628A6CEE600756F40 /* Frameworks */,
				CDDECFB728A6CEE600756F40 /* Resources */,
				0ED1420CDE313AE881879BBA /* [CP] Embed Pods Frameworks */,
			);
			buildRules = (
			);
			dependencies = (
			);
			name = Poketest;
			productName = Poketest;
			productReference = CDDECFB928A6CEE600756F40 /* Poketest.app */;
			productType = "com.apple.product-type.application";
		};
		CDDECFCE28A6CEE700756F40 /* PoketestTests */ = {
			isa = PBXNativeTarget;
			buildConfigurationList = CDDECFE628A6CEE700756F40 /* Build configuration list for PBXNativeTarget "PoketestTests" */;
			buildPhases = (
				8A1C84536698F70216BD3C52 /* [CP] Check Pods Manifest.lock */,
				CDDECFCB28A6CEE700756F40 /* Sources */,
				CDDECFCC28A6CEE700756F40 /* Frameworks */,
				CDDECFCD28A6CEE700756F40 /* Resources */,
			);
			buildRules = (
			);
			dependencies = (
				CDDECFD128A6CEE700756F40 /* PBXTargetDependency */,
			);
			name = PoketestTests;
			productName = PoketestTests;
			productReference = CDDECFCF28A6CEE700756F40 /* PoketestTests.xctest */;
			productType = "com.apple.product-type.bundle.unit-test";
		};
		CDDECFD828A6CEE700756F40 /* PoketestUITests */ = {
			isa = PBXNativeTarget;
			buildConfigurationList = CDDECFE928A6CEE700756F40 /* Build configuration list for PBXNativeTarget "PoketestUITests" */;
			buildPhases = (
				127B2511005D48DE61089760 /* [CP] Check Pods Manifest.lock */,
				CDDECFD528A6CEE700756F40 /* Sources */,
				CDDECFD628A6CEE700756F40 /* Frameworks */,
				CDDECFD728A6CEE700756F40 /* Resources */,
				DF017C1DED5EEA4E1EB70EA4 /* [CP] Embed Pods Frameworks */,
			);
			buildRules = (
			);
			dependencies = (
				CDDECFDB28A6CEE700756F40 /* PBXTargetDependency */,
			);
			name = PoketestUITests;
			productName = PoketestUITests;
			productReference = CDDECFD928A6CEE700756F40 /* PoketestUITests.xctest */;
			productType = "com.apple.product-type.bundle.ui-testing";
		};
/* End PBXNativeTarget section */

/* Begin PBXProject section */
		CDDECFB128A6CEE600756F40 /* Project object */ = {
			isa = PBXProject;
			attributes = {
				BuildIndependentTargetsInParallel = 1;
				LastSwiftUpdateCheck = 1340;
				LastUpgradeCheck = 1340;
				TargetAttributes = {
					CDDECFB828A6CEE600756F40 = {
						CreatedOnToolsVersion = 13.4.1;
					};
					CDDECFCE28A6CEE700756F40 = {
						CreatedOnToolsVersion = 13.4.1;
						TestTargetID = CDDECFB828A6CEE600756F40;
					};
					CDDECFD828A6CEE700756F40 = {
						CreatedOnToolsVersion = 13.4.1;
						TestTargetID = CDDECFB828A6CEE600756F40;
					};
				};
			};
			buildConfigurationList = CDDECFB428A6CEE600756F40 /* Build configuration list for PBXProject "Poketest" */;
			compatibilityVersion = "Xcode 13.0";
			developmentRegion = en;
			hasScannedForEncodings = 0;
			knownRegions = (
				en,
				Base,
			);
			mainGroup = CDDECFB028A6CEE600756F40;
			productRefGroup = CDDECFBA28A6CEE600756F40 /* Products */;
			projectDirPath = "";
			projectRoot = "";
			targets = (
				CDDECFB828A6CEE600756F40 /* Poketest */,
				CDDECFCE28A6CEE700756F40 /* PoketestTests */,
				CDDECFD828A6CEE700756F40 /* PoketestUITests */,
			);
		};
/* End PBXProject section */

/* Begin PBXResourcesBuildPhase section */
		CDDECFB728A6CEE600756F40 /* Resources */ = {
			isa = PBXResourcesBuildPhase;
			buildActionMask = 2147483647;
			files = (
				CDDECFC928A6CEE700756F40 /* LaunchScreen.storyboard in Resources */,
				CDDED00D28A9755600756F40 /* PokemonListTableViewCell.xib in Resources */,
				CDDECFC628A6CEE700756F40 /* Assets.xcassets in Resources */,
				CDDECFC428A6CEE600756F40 /* Main.storyboard in Resources */,
			);
			runOnlyForDeploymentPostprocessing = 0;
		};
		CDDECFCD28A6CEE700756F40 /* Resources */ = {
			isa = PBXResourcesBuildPhase;
			buildActionMask = 2147483647;
			files = (
				CD91770528AFC368004349B1 /* pokemon6.json in Resources */,
			);
			runOnlyForDeploymentPostprocessing = 0;
		};
		CDDECFD728A6CEE700756F40 /* Resources */ = {
			isa = PBXResourcesBuildPhase;
			buildActionMask = 2147483647;
			files = (
			);
			runOnlyForDeploymentPostprocessing = 0;
		};
/* End PBXResourcesBuildPhase section */

/* Begin PBXShellScriptBuildPhase section */
		0ED1420CDE313AE881879BBA /* [CP] Embed Pods Frameworks */ = {
			isa = PBXShellScriptBuildPhase;
			buildActionMask = 2147483647;
			files = (
			);
			inputFileListPaths = (
				"${PODS_ROOT}/Target Support Files/Pods-Poketest/Pods-Poketest-frameworks-${CONFIGURATION}-input-files.xcfilelist",
			);
			name = "[CP] Embed Pods Frameworks";
			outputFileListPaths = (
				"${PODS_ROOT}/Target Support Files/Pods-Poketest/Pods-Poketest-frameworks-${CONFIGURATION}-output-files.xcfilelist",
			);
			runOnlyForDeploymentPostprocessing = 0;
			shellPath = /bin/sh;
			shellScript = "\"${PODS_ROOT}/Target Support Files/Pods-Poketest/Pods-Poketest-frameworks.sh\"\n";
			showEnvVarsInLog = 0;
		};
		127B2511005D48DE61089760 /* [CP] Check Pods Manifest.lock */ = {
			isa = PBXShellScriptBuildPhase;
			buildActionMask = 2147483647;
			files = (
			);
			inputFileListPaths = (
			);
			inputPaths = (
				"${PODS_PODFILE_DIR_PATH}/Podfile.lock",
				"${PODS_ROOT}/Manifest.lock",
			);
			name = "[CP] Check Pods Manifest.lock";
			outputFileListPaths = (
			);
			outputPaths = (
				"$(DERIVED_FILE_DIR)/Pods-Poketest-PoketestUITests-checkManifestLockResult.txt",
			);
			runOnlyForDeploymentPostprocessing = 0;
			shellPath = /bin/sh;
			shellScript = "diff \"${PODS_PODFILE_DIR_PATH}/Podfile.lock\" \"${PODS_ROOT}/Manifest.lock\" > /dev/null\nif [ $? != 0 ] ; then\n    # print error to STDERR\n    echo \"error: The sandbox is not in sync with the Podfile.lock. Run 'pod install' or update your CocoaPods installation.\" >&2\n    exit 1\nfi\n# This output is used by Xcode 'outputs' to avoid re-running this script phase.\necho \"SUCCESS\" > \"${SCRIPT_OUTPUT_FILE_0}\"\n";
			showEnvVarsInLog = 0;
		};
		8A1C84536698F70216BD3C52 /* [CP] Check Pods Manifest.lock */ = {
			isa = PBXShellScriptBuildPhase;
			buildActionMask = 2147483647;
			files = (
			);
			inputFileListPaths = (
			);
			inputPaths = (
				"${PODS_PODFILE_DIR_PATH}/Podfile.lock",
				"${PODS_ROOT}/Manifest.lock",
			);
			name = "[CP] Check Pods Manifest.lock";
			outputFileListPaths = (
			);
			outputPaths = (
				"$(DERIVED_FILE_DIR)/Pods-PoketestTests-checkManifestLockResult.txt",
			);
			runOnlyForDeploymentPostprocessing = 0;
			shellPath = /bin/sh;
			shellScript = "diff \"${PODS_PODFILE_DIR_PATH}/Podfile.lock\" \"${PODS_ROOT}/Manifest.lock\" > /dev/null\nif [ $? != 0 ] ; then\n    # print error to STDERR\n    echo \"error: The sandbox is not in sync with the Podfile.lock. Run 'pod install' or update your CocoaPods installation.\" >&2\n    exit 1\nfi\n# This output is used by Xcode 'outputs' to avoid re-running this script phase.\necho \"SUCCESS\" > \"${SCRIPT_OUTPUT_FILE_0}\"\n";
			showEnvVarsInLog = 0;
		};
		D362F8124162DF4C774D5732 /* [CP] Check Pods Manifest.lock */ = {
			isa = PBXShellScriptBuildPhase;
			buildActionMask = 2147483647;
			files = (
			);
			inputFileListPaths = (
			);
			inputPaths = (
				"${PODS_PODFILE_DIR_PATH}/Podfile.lock",
				"${PODS_ROOT}/Manifest.lock",
			);
			name = "[CP] Check Pods Manifest.lock";
			outputFileListPaths = (
			);
			outputPaths = (
				"$(DERIVED_FILE_DIR)/Pods-Poketest-checkManifestLockResult.txt",
			);
			runOnlyForDeploymentPostprocessing = 0;
			shellPath = /bin/sh;
			shellScript = "diff \"${PODS_PODFILE_DIR_PATH}/Podfile.lock\" \"${PODS_ROOT}/Manifest.lock\" > /dev/null\nif [ $? != 0 ] ; then\n    # print error to STDERR\n    echo \"error: The sandbox is not in sync with the Podfile.lock. Run 'pod install' or update your CocoaPods installation.\" >&2\n    exit 1\nfi\n# This output is used by Xcode 'outputs' to avoid re-running this script phase.\necho \"SUCCESS\" > \"${SCRIPT_OUTPUT_FILE_0}\"\n";
			showEnvVarsInLog = 0;
		};
		DF017C1DED5EEA4E1EB70EA4 /* [CP] Embed Pods Frameworks */ = {
			isa = PBXShellScriptBuildPhase;
			buildActionMask = 2147483647;
			files = (
			);
			inputFileListPaths = (
				"${PODS_ROOT}/Target Support Files/Pods-Poketest-PoketestUITests/Pods-Poketest-PoketestUITests-frameworks-${CONFIGURATION}-input-files.xcfilelist",
			);
			name = "[CP] Embed Pods Frameworks";
			outputFileListPaths = (
				"${PODS_ROOT}/Target Support Files/Pods-Poketest-PoketestUITests/Pods-Poketest-PoketestUITests-frameworks-${CONFIGURATION}-output-files.xcfilelist",
			);
			runOnlyForDeploymentPostprocessing = 0;
			shellPath = /bin/sh;
			shellScript = "\"${PODS_ROOT}/Target Support Files/Pods-Poketest-PoketestUITests/Pods-Poketest-PoketestUITests-frameworks.sh\"\n";
			showEnvVarsInLog = 0;
		};
/* End PBXShellScriptBuildPhase section */

/* Begin PBXSourcesBuildPhase section */
		CDDECFB528A6CEE600756F40 /* Sources */ = {
			isa = PBXSourcesBuildPhase;
			buildActionMask = 2147483647;
			files = (
				CDDECFF528A7291400756F40 /* Pokemon.swift in Sources */,
				CDDED00C28A9755600756F40 /* PokemonListTableViewCell.swift in Sources */,
				CDDECFBD28A6CEE600756F40 /* AppDelegate.swift in Sources */,
				CDDECFF828A72AEA00756F40 /* PokemonManager.swift in Sources */,
				CDDECFBF28A6CEE600756F40 /* SceneDelegate.swift in Sources */,
				CDDECFF128A6DC3F00756F40 /* PokemonDetailsViewController.swift in Sources */,
				CDDECFFF28A965D700756F40 /* PokemonListTableViewController.swift in Sources */,
				CDDECFFB28A91AB000756F40 /* PokemonList.swift in Sources */,
				CDDED01228AA68FE00756F40 /* PokemonListViewModel.swift in Sources */,
				CDDED01628AA9B4B00756F40 /* Extensions.swift in Sources */,
				CDDED00F28A97C4B00756F40 /* Constants.swift in Sources */,
			);
			runOnlyForDeploymentPostprocessing = 0;
		};
		CDDECFCB28A6CEE700756F40 /* Sources */ = {
			isa = PBXSourcesBuildPhase;
			buildActionMask = 2147483647;
			files = (
				CD91770328AF9A7E004349B1 /* MockPokemonListViewModel.swift in Sources */,
				CD91770128AF93D2004349B1 /* MockPokemonManager.swift in Sources */,
				CD9176FC28AF6265004349B1 /* PokemonListViewModelTests.swift in Sources */,
				CDDECFD428A6CEE700756F40 /* PokemonManagerTests.swift in Sources */,
			);
			runOnlyForDeploymentPostprocessing = 0;
		};
		CDDECFD528A6CEE700756F40 /* Sources */ = {
			isa = PBXSourcesBuildPhase;
			buildActionMask = 2147483647;
			files = (
				CDDECFE028A6CEE700756F40 /* PoketestUITestsLaunchTests.swift in Sources */,
				CDDECFDE28A6CEE700756F40 /* PoketestUITests.swift in Sources */,
			);
			runOnlyForDeploymentPostprocessing = 0;
		};
/* End PBXSourcesBuildPhase section */

/* Begin PBXTargetDependency section */
		CDDECFD128A6CEE700756F40 /* PBXTargetDependency */ = {
			isa = PBXTargetDependency;
			target = CDDECFB828A6CEE600756F40 /* Poketest */;
			targetProxy = CDDECFD028A6CEE700756F40 /* PBXContainerItemProxy */;
		};
		CDDECFDB28A6CEE700756F40 /* PBXTargetDependency */ = {
			isa = PBXTargetDependency;
			target = CDDECFB828A6CEE600756F40 /* Poketest */;
			targetProxy = CDDECFDA28A6CEE700756F40 /* PBXContainerItemProxy */;
		};
/* End PBXTargetDependency section */

/* Begin PBXVariantGroup section */
		CDDECFC228A6CEE600756F40 /* Main.storyboard */ = {
			isa = PBXVariantGroup;
			children = (
				CDDECFC328A6CEE600756F40 /* Base */,
			);
			name = Main.storyboard;
			sourceTree = "<group>";
		};
		CDDECFC728A6CEE700756F40 /* LaunchScreen.storyboard */ = {
			isa = PBXVariantGroup;
			children = (
				CDDECFC828A6CEE700756F40 /* Base */,
			);
			name = LaunchScreen.storyboard;
			sourceTree = "<group>";
		};
/* End PBXVariantGroup section */

/* Begin XCBuildConfiguration section */
		CDDECFE128A6CEE700756F40 /* Debug */ = {
			isa = XCBuildConfiguration;
			buildSettings = {
				ALWAYS_SEARCH_USER_PATHS = NO;
				CLANG_ANALYZER_NONNULL = YES;
				CLANG_ANALYZER_NUMBER_OBJECT_CONVERSION = YES_AGGRESSIVE;
				CLANG_CXX_LANGUAGE_STANDARD = "gnu++17";
				CLANG_ENABLE_MODULES = YES;
				CLANG_ENABLE_OBJC_ARC = YES;
				CLANG_ENABLE_OBJC_WEAK = YES;
				CLANG_WARN_BLOCK_CAPTURE_AUTORELEASING = YES;
				CLANG_WARN_BOOL_CONVERSION = YES;
				CLANG_WARN_COMMA = YES;
				CLANG_WARN_CONSTANT_CONVERSION = YES;
				CLANG_WARN_DEPRECATED_OBJC_IMPLEMENTATIONS = YES;
				CLANG_WARN_DIRECT_OBJC_ISA_USAGE = YES_ERROR;
				CLANG_WARN_DOCUMENTATION_COMMENTS = YES;
				CLANG_WARN_EMPTY_BODY = YES;
				CLANG_WARN_ENUM_CONVERSION = YES;
				CLANG_WARN_INFINITE_RECURSION = YES;
				CLANG_WARN_INT_CONVERSION = YES;
				CLANG_WARN_NON_LITERAL_NULL_CONVERSION = YES;
				CLANG_WARN_OBJC_IMPLICIT_RETAIN_SELF = YES;
				CLANG_WARN_OBJC_LITERAL_CONVERSION = YES;
				CLANG_WARN_OBJC_ROOT_CLASS = YES_ERROR;
				CLANG_WARN_QUOTED_INCLUDE_IN_FRAMEWORK_HEADER = YES;
				CLANG_WARN_RANGE_LOOP_ANALYSIS = YES;
				CLANG_WARN_STRICT_PROTOTYPES = YES;
				CLANG_WARN_SUSPICIOUS_MOVE = YES;
				CLANG_WARN_UNGUARDED_AVAILABILITY = YES_AGGRESSIVE;
				CLANG_WARN_UNREACHABLE_CODE = YES;
				CLANG_WARN__DUPLICATE_METHOD_MATCH = YES;
				COPY_PHASE_STRIP = NO;
				DEBUG_INFORMATION_FORMAT = dwarf;
				ENABLE_STRICT_OBJC_MSGSEND = YES;
				ENABLE_TESTABILITY = YES;
				GCC_C_LANGUAGE_STANDARD = gnu11;
				GCC_DYNAMIC_NO_PIC = NO;
				GCC_NO_COMMON_BLOCKS = YES;
				GCC_OPTIMIZATION_LEVEL = 0;
				GCC_PREPROCESSOR_DEFINITIONS = (
					"DEBUG=1",
					"$(inherited)",
				);
				GCC_WARN_64_TO_32_BIT_CONVERSION = YES;
				GCC_WARN_ABOUT_RETURN_TYPE = YES_ERROR;
				GCC_WARN_UNDECLARED_SELECTOR = YES;
				GCC_WARN_UNINITIALIZED_AUTOS = YES_AGGRESSIVE;
				GCC_WARN_UNUSED_FUNCTION = YES;
				GCC_WARN_UNUSED_VARIABLE = YES;
				IPHONEOS_DEPLOYMENT_TARGET = 15.5;
				MTL_ENABLE_DEBUG_INFO = INCLUDE_SOURCE;
				MTL_FAST_MATH = YES;
				ONLY_ACTIVE_ARCH = YES;
				SDKROOT = iphoneos;
				SWIFT_ACTIVE_COMPILATION_CONDITIONS = DEBUG;
				SWIFT_OPTIMIZATION_LEVEL = "-Onone";
			};
			name = Debug;
		};
		CDDECFE228A6CEE700756F40 /* Release */ = {
			isa = XCBuildConfiguration;
			buildSettings = {
				ALWAYS_SEARCH_USER_PATHS = NO;
				CLANG_ANALYZER_NONNULL = YES;
				CLANG_ANALYZER_NUMBER_OBJECT_CONVERSION = YES_AGGRESSIVE;
				CLANG_CXX_LANGUAGE_STANDARD = "gnu++17";
				CLANG_ENABLE_MODULES = YES;
				CLANG_ENABLE_OBJC_ARC = YES;
				CLANG_ENABLE_OBJC_WEAK = YES;
				CLANG_WARN_BLOCK_CAPTURE_AUTORELEASING = YES;
				CLANG_WARN_BOOL_CONVERSION = YES;
				CLANG_WARN_COMMA = YES;
				CLANG_WARN_CONSTANT_CONVERSION = YES;
				CLANG_WARN_DEPRECATED_OBJC_IMPLEMENTATIONS = YES;
				CLANG_WARN_DIRECT_OBJC_ISA_USAGE = YES_ERROR;
				CLANG_WARN_DOCUMENTATION_COMMENTS = YES;
				CLANG_WARN_EMPTY_BODY = YES;
				CLANG_WARN_ENUM_CONVERSION = YES;
				CLANG_WARN_INFINITE_RECURSION = YES;
				CLANG_WARN_INT_CONVERSION = YES;
				CLANG_WARN_NON_LITERAL_NULL_CONVERSION = YES;
				CLANG_WARN_OBJC_IMPLICIT_RETAIN_SELF = YES;
				CLANG_WARN_OBJC_LITERAL_CONVERSION = YES;
				CLANG_WARN_OBJC_ROOT_CLASS = YES_ERROR;
				CLANG_WARN_QUOTED_INCLUDE_IN_FRAMEWORK_HEADER = YES;
				CLANG_WARN_RANGE_LOOP_ANALYSIS = YES;
				CLANG_WARN_STRICT_PROTOTYPES = YES;
				CLANG_WARN_SUSPICIOUS_MOVE = YES;
				CLANG_WARN_UNGUARDED_AVAILABILITY = YES_AGGRESSIVE;
				CLANG_WARN_UNREACHABLE_CODE = YES;
				CLANG_WARN__DUPLICATE_METHOD_MATCH = YES;
				COPY_PHASE_STRIP = NO;
				DEBUG_INFORMATION_FORMAT = "dwarf-with-dsym";
				ENABLE_NS_ASSERTIONS = NO;
				ENABLE_STRICT_OBJC_MSGSEND = YES;
				GCC_C_LANGUAGE_STANDARD = gnu11;
				GCC_NO_COMMON_BLOCKS = YES;
				GCC_WARN_64_TO_32_BIT_CONVERSION = YES;
				GCC_WARN_ABOUT_RETURN_TYPE = YES_ERROR;
				GCC_WARN_UNDECLARED_SELECTOR = YES;
				GCC_WARN_UNINITIALIZED_AUTOS = YES_AGGRESSIVE;
				GCC_WARN_UNUSED_FUNCTION = YES;
				GCC_WARN_UNUSED_VARIABLE = YES;
				IPHONEOS_DEPLOYMENT_TARGET = 15.5;
				MTL_ENABLE_DEBUG_INFO = NO;
				MTL_FAST_MATH = YES;
				SDKROOT = iphoneos;
				SWIFT_COMPILATION_MODE = wholemodule;
				SWIFT_OPTIMIZATION_LEVEL = "-O";
				VALIDATE_PRODUCT = YES;
			};
			name = Release;
		};
		CDDECFE428A6CEE700756F40 /* Debug */ = {
			isa = XCBuildConfiguration;
			baseConfigurationReference = 206BD826B6D0218312E5DD75 /* Pods-Poketest.debug.xcconfig */;
			buildSettings = {
				ASSETCATALOG_COMPILER_APPICON_NAME = AppIcon;
				ASSETCATALOG_COMPILER_GLOBAL_ACCENT_COLOR_NAME = AccentColor;
				CODE_SIGN_STYLE = Automatic;
				CURRENT_PROJECT_VERSION = 1;
				DEVELOPMENT_TEAM = XNSC2388G7;
				GENERATE_INFOPLIST_FILE = YES;
				INFOPLIST_FILE = Poketest/Info.plist;
				INFOPLIST_KEY_UIApplicationSupportsIndirectInputEvents = YES;
				INFOPLIST_KEY_UILaunchStoryboardName = LaunchScreen;
				INFOPLIST_KEY_UIMainStoryboardFile = Main;
				INFOPLIST_KEY_UISupportedInterfaceOrientations_iPad = "UIInterfaceOrientationPortrait UIInterfaceOrientationPortraitUpsideDown UIInterfaceOrientationLandscapeLeft UIInterfaceOrientationLandscapeRight";
				INFOPLIST_KEY_UISupportedInterfaceOrientations_iPhone = "UIInterfaceOrientationPortrait UIInterfaceOrientationLandscapeLeft UIInterfaceOrientationLandscapeRight";
				LD_RUNPATH_SEARCH_PATHS = (
					"$(inherited)",
					"@executable_path/Frameworks",
				);
				MARKETING_VERSION = 1.0;
				PRODUCT_BUNDLE_IDENTIFIER = com.m.Poketest;
				PRODUCT_NAME = "$(TARGET_NAME)";
				SWIFT_EMIT_LOC_STRINGS = YES;
				SWIFT_VERSION = 5.0;
				TARGETED_DEVICE_FAMILY = "1,2";
			};
			name = Debug;
		};
		CDDECFE528A6CEE700756F40 /* Release */ = {
			isa = XCBuildConfiguration;
			baseConfigurationReference = 47D553EC0BE85CB858CBFABF /* Pods-Poketest.release.xcconfig */;
			buildSettings = {
				ASSETCATALOG_COMPILER_APPICON_NAME = AppIcon;
				ASSETCATALOG_COMPILER_GLOBAL_ACCENT_COLOR_NAME = AccentColor;
				CODE_SIGN_STYLE = Automatic;
				CURRENT_PROJECT_VERSION = 1;
				DEVELOPMENT_TEAM = XNSC2388G7;
				GENERATE_INFOPLIST_FILE = YES;
				INFOPLIST_FILE = Poketest/Info.plist;
				INFOPLIST_KEY_UIApplicationSupportsIndirectInputEvents = YES;
				INFOPLIST_KEY_UILaunchStoryboardName = LaunchScreen;
				INFOPLIST_KEY_UIMainStoryboardFile = Main;
				INFOPLIST_KEY_UISupportedInterfaceOrientations_iPad = "UIInterfaceOrientationPortrait UIInterfaceOrientationPortraitUpsideDown UIInterfaceOrientationLandscapeLeft UIInterfaceOrientationLandscapeRight";
				INFOPLIST_KEY_UISupportedInterfaceOrientations_iPhone = "UIInterfaceOrientationPortrait UIInterfaceOrientationLandscapeLeft UIInterfaceOrientationLandscapeRight";
				LD_RUNPATH_SEARCH_PATHS = (
					"$(inherited)",
					"@executable_path/Frameworks",
				);
				MARKETING_VERSION = 1.0;
				PRODUCT_BUNDLE_IDENTIFIER = com.m.Poketest;
				PRODUCT_NAME = "$(TARGET_NAME)";
				SWIFT_EMIT_LOC_STRINGS = YES;
				SWIFT_VERSION = 5.0;
				TARGETED_DEVICE_FAMILY = "1,2";
			};
			name = Release;
		};
		CDDECFE728A6CEE700756F40 /* Debug */ = {
			isa = XCBuildConfiguration;
			baseConfigurationReference = 77E7ED67105031B6ED5AB9C9 /* Pods-PoketestTests.debug.xcconfig */;
			buildSettings = {
				ALWAYS_EMBED_SWIFT_STANDARD_LIBRARIES = YES;
				BUNDLE_LOADER = "$(TEST_HOST)";
				CODE_SIGN_STYLE = Automatic;
				CURRENT_PROJECT_VERSION = 1;
				DEVELOPMENT_TEAM = XNSC2388G7;
				GENERATE_INFOPLIST_FILE = YES;
				IPHONEOS_DEPLOYMENT_TARGET = 15.5;
				MARKETING_VERSION = 1.0;
				PRODUCT_BUNDLE_IDENTIFIER = com.m.PoketestTests;
				PRODUCT_NAME = "$(TARGET_NAME)";
				SWIFT_EMIT_LOC_STRINGS = NO;
				SWIFT_VERSION = 5.0;
				TARGETED_DEVICE_FAMILY = "1,2";
				TEST_HOST = "$(BUILT_PRODUCTS_DIR)/Poketest.app/Poketest";
			};
			name = Debug;
		};
		CDDECFE828A6CEE700756F40 /* Release */ = {
			isa = XCBuildConfiguration;
			baseConfigurationReference = 178E8F2E6F47BD6818D0D89C /* Pods-PoketestTests.release.xcconfig */;
			buildSettings = {
				ALWAYS_EMBED_SWIFT_STANDARD_LIBRARIES = YES;
				BUNDLE_LOADER = "$(TEST_HOST)";
				CODE_SIGN_STYLE = Automatic;
				CURRENT_PROJECT_VERSION = 1;
				DEVELOPMENT_TEAM = XNSC2388G7;
				GENERATE_INFOPLIST_FILE = YES;
				IPHONEOS_DEPLOYMENT_TARGET = 15.5;
				MARKETING_VERSION = 1.0;
				PRODUCT_BUNDLE_IDENTIFIER = com.m.PoketestTests;
				PRODUCT_NAME = "$(TARGET_NAME)";
				SWIFT_EMIT_LOC_STRINGS = NO;
				SWIFT_VERSION = 5.0;
				TARGETED_DEVICE_FAMILY = "1,2";
				TEST_HOST = "$(BUILT_PRODUCTS_DIR)/Poketest.app/Poketest";
			};
			name = Release;
		};
		CDDECFEA28A6CEE700756F40 /* Debug */ = {
			isa = XCBuildConfiguration;
			baseConfigurationReference = 2C39BE028147F02E1282CE05 /* Pods-Poketest-PoketestUITests.debug.xcconfig */;
			buildSettings = {
				ALWAYS_EMBED_SWIFT_STANDARD_LIBRARIES = YES;
				CODE_SIGN_STYLE = Automatic;
				CURRENT_PROJECT_VERSION = 1;
				DEVELOPMENT_TEAM = XNSC2388G7;
				GENERATE_INFOPLIST_FILE = YES;
				MARKETING_VERSION = 1.0;
				PRODUCT_BUNDLE_IDENTIFIER = com.m.PoketestUITests;
				PRODUCT_NAME = "$(TARGET_NAME)";
				SWIFT_EMIT_LOC_STRINGS = NO;
				SWIFT_VERSION = 5.0;
				TARGETED_DEVICE_FAMILY = "1,2";
				TEST_TARGET_NAME = Poketest;
			};
			name = Debug;
		};
		CDDECFEB28A6CEE700756F40 /* Release */ = {
			isa = XCBuildConfiguration;
			baseConfigurationReference = CEFC6D47959DBED8D9D77BE9 /* Pods-Poketest-PoketestUITests.release.xcconfig */;
			buildSettings = {
				ALWAYS_EMBED_SWIFT_STANDARD_LIBRARIES = YES;
				CODE_SIGN_STYLE = Automatic;
				CURRENT_PROJECT_VERSION = 1;
				DEVELOPMENT_TEAM = XNSC2388G7;
				GENERATE_INFOPLIST_FILE = YES;
				MARKETING_VERSION = 1.0;
				PRODUCT_BUNDLE_IDENTIFIER = com.m.PoketestUITests;
				PRODUCT_NAME = "$(TARGET_NAME)";
				SWIFT_EMIT_LOC_STRINGS = NO;
				SWIFT_VERSION = 5.0;
				TARGETED_DEVICE_FAMILY = "1,2";
				TEST_TARGET_NAME = Poketest;
			};
			name = Release;
		};
/* End XCBuildConfiguration section */

/* Begin XCConfigurationList section */
		CDDECFB428A6CEE600756F40 /* Build configuration list for PBXProject "Poketest" */ = {
			isa = XCConfigurationList;
			buildConfigurations = (
				CDDECFE128A6CEE700756F40 /* Debug */,
				CDDECFE228A6CEE700756F40 /* Release */,
			);
			defaultConfigurationIsVisible = 0;
			defaultConfigurationName = Release;
		};
		CDDECFE328A6CEE700756F40 /* Build configuration list for PBXNativeTarget "Poketest" */ = {
			isa = XCConfigurationList;
			buildConfigurations = (
				CDDECFE428A6CEE700756F40 /* Debug */,
				CDDECFE528A6CEE700756F40 /* Release */,
			);
			defaultConfigurationIsVisible = 0;
			defaultConfigurationName = Release;
		};
		CDDECFE628A6CEE700756F40 /* Build configuration list for PBXNativeTarget "PoketestTests" */ = {
			isa = XCConfigurationList;
			buildConfigurations = (
				CDDECFE728A6CEE700756F40 /* Debug */,
				CDDECFE828A6CEE700756F40 /* Release */,
			);
			defaultConfigurationIsVisible = 0;
			defaultConfigurationName = Release;
		};
		CDDECFE928A6CEE700756F40 /* Build configuration list for PBXNativeTarget "PoketestUITests" */ = {
			isa = XCConfigurationList;
			buildConfigurations = (
				CDDECFEA28A6CEE700756F40 /* Debug */,
				CDDECFEB28A6CEE700756F40 /* Release */,
			);
			defaultConfigurationIsVisible = 0;
			defaultConfigurationName = Release;
		};
/* End XCConfigurationList section */
	};
	rootObject = CDDECFB128A6CEE600756F40 /* Project object */;
}
